<?xml version="1.0" encoding="utf-8"?>
<Project ToolsVersion="4.0" xmlns="http://schemas.microsoft.com/developer/msbuild/2003">
  <ItemGroup>
    <Filter Include="Source Files">
      <UniqueIdentifier>{4FC737F1-C7A5-4376-A066-2A32D752A2FF}</UniqueIdentifier>
      <Extensions>cpp;c;cc;cxx;c++;cppm;ixx;def;odl;idl;hpj;bat;asm;asmx</Extensions>
    </Filter>
    <Filter Include="Header Files">
      <UniqueIdentifier>{93995380-89BD-4b04-88EB-625FBE52EBFB}</UniqueIdentifier>
      <Extensions>h;hh;hpp;hxx;h++;hm;inl;inc;ipp;xsd</Extensions>
    </Filter>
    <Filter Include="Resource Files">
      <UniqueIdentifier>{67DA6AB6-F800-4c08-8B7A-83BB121AAD01}</UniqueIdentifier>
      <Extensions>rc;ico;cur;bmp;dlg;rc2;rct;bin;rgs;gif;jpg;jpeg;jpe;resx;tiff;tif;png;wav;mfcribbon-ms</Extensions>
    </Filter>
    <Filter Include="Header Files\behaviors">
      <UniqueIdentifier>{acf51780-e1db-4964-893f-c8244a38f30f}</UniqueIdentifier>
    </Filter>
    <Filter Include="Header Files\Player">
      <UniqueIdentifier>{00e9952f-9128-45f0-92de-f899866168bb}</UniqueIdentifier>
    </Filter>
    <Filter Include="Source Files\Behaviors">
      <UniqueIdentifier>{78fdf1bf-220b-4d01-93ea-faefbfb29f51}</UniqueIdentifier>
    </Filter>
    <Filter Include="Source Files\Player">
      <UniqueIdentifier>{254eb937-ae4e-4324-a669-3cf7fb8218a6}</UniqueIdentifier>
    </Filter>
  </ItemGroup>
  <ItemGroup>
    <ClCompile Include="tempDriver.cpp">
      <Filter>Source Files</Filter>
    </ClCompile>
    <ClCompile Include="Card.cpp">
      <Filter>Source Files</Filter>
    </ClCompile>
    <ClCompile Include="Deck.cpp">
      <Filter>Source Files</Filter>
    </ClCompile>
    <ClCompile Include="Money.cpp">
      <Filter>Source Files</Filter>
    </ClCompile>
    <ClCompile Include="Currency.cpp">
      <Filter>Source Files</Filter>
    </ClCompile>
    <ClCompile Include="CurrencyMismatchException.cpp">
      <Filter>Source Files</Filter>
    </ClCompile>
    <ClCompile Include="TextView.cpp">
      <Filter>Source Files</Filter>
    </ClCompile>
    <ClCompile Include="SDLView.cpp">
      <Filter>Source Files</Filter>
    </ClCompile>
    <ClCompile Include="BlackjackPresenter.cpp">
      <Filter>Source Files</Filter>
    </ClCompile>
    <ClCompile Include="BlackjackModel.cpp">
      <Filter>Source Files</Filter>
    </ClCompile>
    <ClCompile Include="DrunkPlayerBehavior.h">
      <Filter>Header Files\behaviors</Filter>
    </ClCompile>
    <ClCompile Include="Player.cpp">
      <Filter>Source Files\Player</Filter>
    </ClCompile>
    <ClCompile Include="HumanPlayer.cpp">
      <Filter>Source Files\Player</Filter>
    </ClCompile>
    <ClCompile Include="BaseComputerBehavior.cpp">
      <Filter>Source Files\Behaviors</Filter>
    </ClCompile>
    <ClCompile Include="ComputerPlayer.cpp">
      <Filter>Source Files\Player</Filter>
    </ClCompile>
    <ClCompile Include="DealerBehavior.cpp">
      <Filter>Source Files\Behaviors</Filter>
    </ClCompile>
    <ClCompile Include="DrunkPlayerBehavior.cpp">
      <Filter>Source Files\Behaviors</Filter>
    </ClCompile>
  </ItemGroup>
  <ItemGroup>
    <ClInclude Include="Card.h">
      <Filter>Header Files</Filter>
    </ClInclude>
    <ClInclude Include="Deck.h">
      <Filter>Header Files</Filter>
    </ClInclude>
    <ClInclude Include="IBlackjackView.h">
      <Filter>Header Files</Filter>
    </ClInclude>
    <ClInclude Include="Money.h">
      <Filter>Header Files</Filter>
    </ClInclude>
    <ClInclude Include="Currency.h">
      <Filter>Header Files</Filter>
    </ClInclude>
    <ClInclude Include="CurrencyMismatchException.h">
      <Filter>Header Files</Filter>
    </ClInclude>
    <ClInclude Include="TextView.h">
      <Filter>Header Files</Filter>
    </ClInclude>
    <ClInclude Include="Hand.h">
      <Filter>Header Files</Filter>
    </ClInclude>
    <ClInclude Include="SDLView.h">
      <Filter>Header Files</Filter>
    </ClInclude>
    <ClInclude Include="PlayerBehavior.h">
      <Filter>Header Files\behaviors</Filter>
    </ClInclude>
    <ClInclude Include="Player.h">
      <Filter>Header Files\Player</Filter>
    </ClInclude>
    <ClInclude Include="HumanPlayer.h">
      <Filter>Header Files\Player</Filter>
    </ClInclude>
    <ClInclude Include="ComputerPlayer.h">
      <Filter>Header Files\Player</Filter>
    </ClInclude>
    <ClInclude Include="DealerBehavior.h">
      <Filter>Header Files\behaviors</Filter>
    </ClInclude>
    <ClInclude Include="BaseComputerBehavior.h">
      <Filter>Header Files\behaviors</Filter>
    </ClInclude>
    <ClInclude Include="BlackjackModel.h">
      <Filter>Header Files</Filter>
    </ClInclude>
    <ClInclude Include="BlackjackPresenter.h">
      <Filter>Header Files</Filter>
    </ClInclude>
    <ClInclude Include="IBlackjackPresenter.h">
      <Filter>Header Files</Filter>
    </ClInclude>
  </ItemGroup>
  <ItemGroup>
    <Image Include="TwoSpades.png">
      <Filter>Resource Files</Filter>
    </Image>
    <Image Include="TwoHearts.png">
      <Filter>Resource Files</Filter>
    </Image>
    <Image Include="TwoDiamonds.png">
      <Filter>Resource Files</Filter>
    </Image>
    <Image Include="TwoClubs.png">
      <Filter>Resource Files</Filter>
    </Image>
    <Image Include="ThreeSpades.png">
      <Filter>Resource Files</Filter>
    </Image>
    <Image Include="ThreeHearts.png">
      <Filter>Resource Files</Filter>
    </Image>
    <Image Include="ThreeDiamonds.png">
      <Filter>Resource Files</Filter>
    </Image>
    <Image Include="ThreeClubs.png">
      <Filter>Resource Files</Filter>
    </Image>
    <Image Include="TenSpades.png">
      <Filter>Resource Files</Filter>
    </Image>
    <Image Include="TenHearts.png">
      <Filter>Resource Files</Filter>
    </Image>
    <Image Include="TenDiamonds.png">
      <Filter>Resource Files</Filter>
    </Image>
    <Image Include="TenClubs.png">
      <Filter>Resource Files</Filter>
    </Image>
    <Image Include="SixSpades.png">
      <Filter>Resource Files</Filter>
    </Image>
    <Image Include="SixHearts.png">
      <Filter>Resource Files</Filter>
    </Image>
    <Image Include="SixDiamonds.png">
      <Filter>Resource Files</Filter>
    </Image>
    <Image Include="SixClubs.png">
      <Filter>Resource Files</Filter>
    </Image>
    <Image Include="SevenSpades.png">
      <Filter>Resource Files</Filter>
    </Image>
    <Image Include="SevenHearts.png">
      <Filter>Resource Files</Filter>
    </Image>
    <Image Include="SevenDiamonds.png">
      <Filter>Resource Files</Filter>
    </Image>
    <Image Include="SevenClubs.png">
      <Filter>Resource Files</Filter>
    </Image>
    <Image Include="QueenSpades.png">
      <Filter>Resource Files</Filter>
    </Image>
    <Image Include="QueenHearts.png">
      <Filter>Resource Files</Filter>
    </Image>
    <Image Include="QueenDiamonds.png">
      <Filter>Resource Files</Filter>
    </Image>
    <Image Include="QueenClubs.png">
      <Filter>Resource Files</Filter>
    </Image>
    <Image Include="NineSpades.png">
      <Filter>Resource Files</Filter>
    </Image>
    <Image Include="NineHearts.png">
      <Filter>Resource Files</Filter>
    </Image>
    <Image Include="NineDiamonds.png">
      <Filter>Resource Files</Filter>
    </Image>
    <Image Include="NineClubs.png">
      <Filter>Resource Files</Filter>
    </Image>
    <Image Include="KingSpades.png">
      <Filter>Resource Files</Filter>
    </Image>
    <Image Include="KingHearts.png">
      <Filter>Resource Files</Filter>
    </Image>
    <Image Include="KingDiamonds.png">
      <Filter>Resource Files</Filter>
    </Image>
    <Image Include="KingClubs.png">
      <Filter>Resource Files</Filter>
    </Image>
    <Image Include="JackSpades.png">
      <Filter>Resource Files</Filter>
    </Image>
    <Image Include="JackHearts.png">
      <Filter>Resource Files</Filter>
    </Image>
    <Image Include="JackDiamonds.png">
      <Filter>Resource Files</Filter>
    </Image>
    <Image Include="JackClubs.png">
      <Filter>Resource Files</Filter>
    </Image>
    <Image Include="FourSpades.png">
      <Filter>Resource Files</Filter>
    </Image>
    <Image Include="FourHearts.png">
      <Filter>Resource Files</Filter>
    </Image>
    <Image Include="FourDiamonds.png">
      <Filter>Resource Files</Filter>
    </Image>
    <Image Include="FourClubs.png">
      <Filter>Resource Files</Filter>
    </Image>
    <Image Include="FiveSpades.png">
      <Filter>Resource Files</Filter>
    </Image>
    <Image Include="FiveHearts.png">
      <Filter>Resource Files</Filter>
    </Image>
    <Image Include="FiveDiamonds.png">
      <Filter>Resource Files</Filter>
    </Image>
    <Image Include="FiveClubs.png">
      <Filter>Resource Files</Filter>
    </Image>
    <Image Include="EightSpades.png">
      <Filter>Resource Files</Filter>
    </Image>
    <Image Include="EightHearts.png">
      <Filter>Resource Files</Filter>
    </Image>
    <Image Include="EightDiamonds.png">
      <Filter>Resource Files</Filter>
    </Image>
    <Image Include="EightClubs.png">
      <Filter>Resource Files</Filter>
    </Image>
    <Image Include="CardBack.png">
      <Filter>Resource Files</Filter>
    </Image>
    <Image Include="AceSpades.png">
      <Filter>Resource Files</Filter>
    </Image>
    <Image Include="AceHearts.png">
      <Filter>Resource Files</Filter>
    </Image>
    <Image Include="AceDiamonds.png">
      <Filter>Resource Files</Filter>
    </Image>
    <Image Include="AceClubs.png">
      <Filter>Resource Files</Filter>
    </Image>
  </ItemGroup>
</Project>