<?xml version="1.0" encoding="utf-8"?>
<Project ToolsVersion="4.0" xmlns="http://schemas.microsoft.com/developer/msbuild/2003">
  <ItemGroup>
    <Filter Include="Source Files">
      <UniqueIdentifier>{4FC737F1-C7A5-4376-A066-2A32D752A2FF}</UniqueIdentifier>
      <Extensions>cpp;c;cc;cxx;c++;cppm;ixx;def;odl;idl;hpj;bat;asm;asmx</Extensions>
    </Filter>
    <Filter Include="Header Files">
      <UniqueIdentifier>{93995380-89BD-4b04-88EB-625FBE52EBFB}</UniqueIdentifier>
      <Extensions>h;hh;hpp;hxx;h++;hm;inl;inc;ipp;xsd</Extensions>
    </Filter>
    <Filter Include="Resource Files">
      <UniqueIdentifier>{67DA6AB6-F800-4c08-8B7A-83BB121AAD01}</UniqueIdentifier>
      <Extensions>rc;ico;cur;bmp;dlg;rc2;rct;bin;rgs;gif;jpg;jpeg;jpe;resx;tiff;tif;png;wav;mfcribbon-ms</Extensions>
    </Filter>
    <Filter Include="Header Files\behaviors">
      <UniqueIdentifier>{acf51780-e1db-4964-893f-c8244a38f30f}</UniqueIdentifier>
    </Filter>
    <Filter Include="Header Files\Player">
      <UniqueIdentifier>{00e9952f-9128-45f0-92de-f899866168bb}</UniqueIdentifier>
    </Filter>
    <Filter Include="Source Files\Behaviors">
      <UniqueIdentifier>{78fdf1bf-220b-4d01-93ea-faefbfb29f51}</UniqueIdentifier>
    </Filter>
    <Filter Include="Source Files\Player">
      <UniqueIdentifier>{254eb937-ae4e-4324-a669-3cf7fb8218a6}</UniqueIdentifier>
    </Filter>
  </ItemGroup>
  <ItemGroup>
    <ClCompile Include="tempDriver.cpp">
      <Filter>Source Files</Filter>
    </ClCompile>
    <ClCompile Include="Card.cpp">
      <Filter>Source Files</Filter>
    </ClCompile>
    <ClCompile Include="Deck.cpp">
      <Filter>Source Files</Filter>
    </ClCompile>
    <ClCompile Include="Money.cpp">
      <Filter>Source Files</Filter>
    </ClCompile>
    <ClCompile Include="Currency.cpp">
      <Filter>Source Files</Filter>
    </ClCompile>
    <ClCompile Include="CurrencyMismatchException.cpp">
      <Filter>Source Files</Filter>
    </ClCompile>
    <ClCompile Include="TextView.cpp">
      <Filter>Source Files</Filter>
    </ClCompile>
    <ClCompile Include="SDLView.cpp">
      <Filter>Source Files</Filter>
    </ClCompile>
    <ClCompile Include="BlackjackPresenter.cpp">
      <Filter>Source Files</Filter>
    </ClCompile>
    <ClCompile Include="BlackjackModel.cpp">
      <Filter>Source Files</Filter>
    </ClCompile>
    <ClCompile Include="DrunkPlayerBehavior.h">
      <Filter>Header Files\behaviors</Filter>
    </ClCompile>
    <ClCompile Include="Player.cpp">
      <Filter>Source Files\Player</Filter>
    </ClCompile>
  </ItemGroup>
  <ItemGroup>
    <ClInclude Include="Card.h">
      <Filter>Header Files</Filter>
    </ClInclude>
    <ClInclude Include="Deck.h">
      <Filter>Header Files</Filter>
    </ClInclude>
    <ClInclude Include="IBlackjackView.h">
      <Filter>Header Files</Filter>
    </ClInclude>
    <ClInclude Include="Money.h">
      <Filter>Header Files</Filter>
    </ClInclude>
    <ClInclude Include="Currency.h">
      <Filter>Header Files</Filter>
    </ClInclude>
    <ClInclude Include="CurrencyMismatchException.h">
      <Filter>Header Files</Filter>
    </ClInclude>
    <ClInclude Include="TextView.h">
      <Filter>Header Files</Filter>
    </ClInclude>
    <ClInclude Include="Hand.h">
      <Filter>Header Files</Filter>
    </ClInclude>
    <ClInclude Include="SDLView.h">
      <Filter>Header Files</Filter>
    </ClInclude>
    <ClInclude Include="PlayerBehavior.h">
      <Filter>Header Files\behaviors</Filter>
    </ClInclude>
    <ClInclude Include="Player.h">
      <Filter>Header Files\Player</Filter>
    </ClInclude>
    <ClInclude Include="HumanPlayer.h">
      <Filter>Header Files\Player</Filter>
    </ClInclude>
    <ClInclude Include="ComputerPlayer.h">
      <Filter>Header Files\Player</Filter>
    </ClInclude>
    <ClInclude Include="DealerBehavior.h">
      <Filter>Header Files\behaviors</Filter>
    </ClInclude>
    <ClInclude Include="BaseComputerBehavior.h">
      <Filter>Header Files\behaviors</Filter>
    </ClInclude>
    <ClInclude Include="BlackjackModel.h">
      <Filter>Header Files</Filter>
    </ClInclude>
    <ClInclude Include="BlackjackPresenter.h">
      <Filter>Header Files</Filter>
    </ClInclude>
    <ClInclude Include="IBlackjackPresenter.h">
      <Filter>Header Files</Filter>
    </ClInclude>
  </ItemGroup>
  <ItemGroup>
    <Image Include="2clubs.GIF">
      <Filter>Resource Files</Filter>
    </Image>
    <Image Include="2diamonds.GIF">
      <Filter>Resource Files</Filter>
    </Image>
    <Image Include="2hearts.GIF">
      <Filter>Resource Files</Filter>
    </Image>
    <Image Include="2spades.GIF">
      <Filter>Resource Files</Filter>
    </Image>
    <Image Include="3clubs.GIF">
      <Filter>Resource Files</Filter>
    </Image>
    <Image Include="3diamonds.GIF">
      <Filter>Resource Files</Filter>
    </Image>
    <Image Include="3hearts.GIF">
      <Filter>Resource Files</Filter>
    </Image>
    <Image Include="3spades.GIF">
      <Filter>Resource Files</Filter>
    </Image>
    <Image Include="4clubs.GIF">
      <Filter>Resource Files</Filter>
    </Image>
    <Image Include="4diamonds.GIF">
      <Filter>Resource Files</Filter>
    </Image>
    <Image Include="4hearts.GIF">
      <Filter>Resource Files</Filter>
    </Image>
    <Image Include="4spades.GIF">
      <Filter>Resource Files</Filter>
    </Image>
    <Image Include="5clubs.GIF">
      <Filter>Resource Files</Filter>
    </Image>
    <Image Include="5diamonds.GIF">
      <Filter>Resource Files</Filter>
    </Image>
    <Image Include="5hearts.GIF">
      <Filter>Resource Files</Filter>
    </Image>
    <Image Include="5spades.GIF">
      <Filter>Resource Files</Filter>
    </Image>
    <Image Include="6clubs.GIF">
      <Filter>Resource Files</Filter>
    </Image>
    <Image Include="6diamonds.GIF">
      <Filter>Resource Files</Filter>
    </Image>
    <Image Include="6hearts.GIF">
      <Filter>Resource Files</Filter>
    </Image>
    <Image Include="6spades.GIF">
      <Filter>Resource Files</Filter>
    </Image>
    <Image Include="7clubs.GIF">
      <Filter>Resource Files</Filter>
    </Image>
    <Image Include="7diamonds.GIF">
      <Filter>Resource Files</Filter>
    </Image>
    <Image Include="7hearts.GIF">
      <Filter>Resource Files</Filter>
    </Image>
    <Image Include="7spades.GIF">
      <Filter>Resource Files</Filter>
    </Image>
    <Image Include="8clubs.GIF">
      <Filter>Resource Files</Filter>
    </Image>
    <Image Include="8diamonds.GIF">
      <Filter>Resource Files</Filter>
    </Image>
    <Image Include="8hearts.GIF">
      <Filter>Resource Files</Filter>
    </Image>
    <Image Include="8spades.GIF">
      <Filter>Resource Files</Filter>
    </Image>
    <Image Include="9clubs.GIF">
      <Filter>Resource Files</Filter>
    </Image>
    <Image Include="9diamonds.GIF">
      <Filter>Resource Files</Filter>
    </Image>
    <Image Include="9hearts.GIF">
      <Filter>Resource Files</Filter>
    </Image>
    <Image Include="9spades.GIF">
      <Filter>Resource Files</Filter>
    </Image>
    <Image Include="10clubs.GIF">
      <Filter>Resource Files</Filter>
    </Image>
    <Image Include="10diamonds.GIF">
      <Filter>Resource Files</Filter>
    </Image>
    <Image Include="10hearts.GIF">
      <Filter>Resource Files</Filter>
    </Image>
    <Image Include="10spades.GIF">
      <Filter>Resource Files</Filter>
    </Image>
    <Image Include="aceclubs.GIF">
      <Filter>Resource Files</Filter>
    </Image>
    <Image Include="acediamonds.GIF">
      <Filter>Resource Files</Filter>
    </Image>
    <Image Include="acehearts.GIF">
      <Filter>Resource Files</Filter>
    </Image>
    <Image Include="acespades.GIF">
      <Filter>Resource Files</Filter>
    </Image>
    <Image Include="BlackjackCardBack.GIF">
      <Filter>Resource Files</Filter>
    </Image>
    <Image Include="jackclubs.GIF">
      <Filter>Resource Files</Filter>
    </Image>
    <Image Include="jackdiamonds.GIF">
      <Filter>Resource Files</Filter>
    </Image>
    <Image Include="jackhearts.GIF">
      <Filter>Resource Files</Filter>
    </Image>
    <Image Include="jackspades.GIF">
      <Filter>Resource Files</Filter>
    </Image>
    <Image Include="kingclubs.GIF">
      <Filter>Resource Files</Filter>
    </Image>
    <Image Include="kingdiamonds.GIF">
      <Filter>Resource Files</Filter>
    </Image>
    <Image Include="kinghearts.GIF">
      <Filter>Resource Files</Filter>
    </Image>
    <Image Include="kingspades.GIF">
      <Filter>Resource Files</Filter>
    </Image>
    <Image Include="queenclubs.GIF">
      <Filter>Resource Files</Filter>
    </Image>
    <Image Include="queendiamonds.GIF">
      <Filter>Resource Files</Filter>
    </Image>
    <Image Include="queenhearts.GIF">
      <Filter>Resource Files</Filter>
    </Image>
    <Image Include="queenspades.GIF">
      <Filter>Resource Files</Filter>
    </Image>
  </ItemGroup>
</Project>